
Microsoft Visual Studio Solution File, Format Version 12.00
# Visual Studio Version 16
VisualStudioVersion = 16.0.31702.278
MinimumVisualStudioVersion = 10.0.40219.1
Project("{FAE04EC0-301F-11D3-BF4B-00C04F79EFBC}") = "Do_an_Winform", "Do_an_Winform\Do_an_Winform.csproj", "{43826D83-83BF-495B-955A-C29F4FE42AFB}"
EndProject
Global
	GlobalSection(SolutionConfigurationPlatforms) = preSolution
		Debug|Any CPU = Debug|Any CPU
		Release|Any CPU = Release|Any CPU
	EndGlobalSection
	GlobalSection(ProjectConfigurationPlatforms) = postSolution
		{43826D83-83BF-495B-955A-C29F4FE42AFB}.Debug|Any CPU.ActiveCfg = Debug|Any CPU
		{43826D83-83BF-495B-955A-C29F4FE42AFB}.Debug|Any CPU.Build.0 = Debug|Any CPU
		{43826D83-83BF-495B-955A-C29F4FE42AFB}.Release|Any CPU.ActiveCfg = Release|Any CPU
		{43826D83-83BF-495B-955A-C29F4FE42AFB}.Release|Any CPU.Build.0 = Release|Any CPU
	EndGlobalSection
	GlobalSection(SolutionProperties) = preSolution
		HideSolutionNode = FALSE
	EndGlobalSection
	GlobalSection(ExtensibilityGlobals) = postSolution
		SolutionGuid = {E415A41C-21DB-472A-869E-B0FD8602F7B9}
	EndGlobalSection
EndGlobal
